
Microsoft Visual Studio Solution File, Format Version 12.00
# Visual Studio Version 16
VisualStudioVersion = 16.0.29609.76
MinimumVisualStudioVersion = 10.0.40219.1
Project("{FAE04EC0-301F-11D3-BF4B-00C04F79EFBC}") = "EntryRemoveIconAllignment.Android", "EntryRemoveIconAllignment\EntryRemoveIconAllignment.Android\EntryRemoveIconAllignment.Android.csproj", "{4E6733E6-2E29-4024-A395-08BFE0669777}"
EndProject
Project("{FAE04EC0-301F-11D3-BF4B-00C04F79EFBC}") = "EntryRemoveIconAllignment.iOS", "EntryRemoveIconAllignment\EntryRemoveIconAllignment.iOS\EntryRemoveIconAllignment.iOS.csproj", "{8DDB4379-AFD4-457A-AE92-5B0B2B94F144}"
EndProject
Project("{FAE04EC0-301F-11D3-BF4B-00C04F79EFBC}") = "EntryRemoveIconAllignment", "EntryRemoveIconAllignment\EntryRemoveIconAllignment\EntryRemoveIconAllignment.csproj", "{F325EDF4-7FB7-4EED-9921-F65979DCA67A}"
EndProject
Global
	GlobalSection(SolutionConfigurationPlatforms) = preSolution
		Debug|Any CPU = Debug|Any CPU
		Debug|iPhone = Debug|iPhone
		Debug|iPhoneSimulator = Debug|iPhoneSimulator
		Release|Any CPU = Release|Any CPU
		Release|iPhone = Release|iPhone
		Release|iPhoneSimulator = Release|iPhoneSimulator
	EndGlobalSection
	GlobalSection(ProjectConfigurationPlatforms) = postSolution
		{4E6733E6-2E29-4024-A395-08BFE0669777}.Debug|Any CPU.ActiveCfg = Debug|Any CPU
		{4E6733E6-2E29-4024-A395-08BFE0669777}.Debug|Any CPU.Build.0 = Debug|Any CPU
		{4E6733E6-2E29-4024-A395-08BFE0669777}.Debug|Any CPU.Deploy.0 = Debug|Any CPU
		{4E6733E6-2E29-4024-A395-08BFE0669777}.Debug|iPhone.ActiveCfg = Debug|Any CPU
		{4E6733E6-2E29-4024-A395-08BFE0669777}.Debug|iPhone.Build.0 = Debug|Any CPU
		{4E6733E6-2E29-4024-A395-08BFE0669777}.Debug|iPhone.Deploy.0 = Debug|Any CPU
		{4E6733E6-2E29-4024-A395-08BFE0669777}.Debug|iPhoneSimulator.ActiveCfg = Debug|Any CPU
		{4E6733E6-2E29-4024-A395-08BFE0669777}.Debug|iPhoneSimulator.Build.0 = Debug|Any CPU
		{4E6733E6-2E29-4024-A395-08BFE0669777}.Debug|iPhoneSimulator.Deploy.0 = Debug|Any CPU
		{4E6733E6-2E29-4024-A395-08BFE0669777}.Release|Any CPU.ActiveCfg = Release|Any CPU
		{4E6733E6-2E29-4024-A395-08BFE0669777}.Release|Any CPU.Build.0 = Release|Any CPU
		{4E6733E6-2E29-4024-A395-08BFE0669777}.Release|Any CPU.Deploy.0 = Release|Any CPU
		{4E6733E6-2E29-4024-A395-08BFE0669777}.Release|iPhone.ActiveCfg = Release|Any CPU
		{4E6733E6-2E29-4024-A395-08BFE0669777}.Release|iPhone.Build.0 = Release|Any CPU
		{4E6733E6-2E29-4024-A395-08BFE0669777}.Release|iPhone.Deploy.0 = Release|Any CPU
		{4E6733E6-2E29-4024-A395-08BFE0669777}.Release|iPhoneSimulator.ActiveCfg = Release|Any CPU
		{4E6733E6-2E29-4024-A395-08BFE0669777}.Release|iPhoneSimulator.Build.0 = Release|Any CPU
		{4E6733E6-2E29-4024-A395-08BFE0669777}.Release|iPhoneSimulator.Deploy.0 = Release|Any CPU
		{8DDB4379-AFD4-457A-AE92-5B0B2B94F144}.Debug|Any CPU.ActiveCfg = Debug|iPhoneSimulator
		{8DDB4379-AFD4-457A-AE92-5B0B2B94F144}.Debug|Any CPU.Build.0 = Debug|iPhoneSimulator
		{8DDB4379-AFD4-457A-AE92-5B0B2B94F144}.Debug|Any CPU.Deploy.0 = Debug|iPhoneSimulator
		{8DDB4379-AFD4-457A-AE92-5B0B2B94F144}.Debug|iPhone.ActiveCfg = Debug|iPhone
		{8DDB4379-AFD4-457A-AE92-5B0B2B94F144}.Debug|iPhone.Build.0 = Debug|iPhone
		{8DDB4379-AFD4-457A-AE92-5B0B2B94F144}.Debug|iPhone.Deploy.0 = Debug|iPhone
		{8DDB4379-AFD4-457A-AE92-5B0B2B94F144}.Debug|iPhoneSimulator.ActiveCfg = Debug|iPhoneSimulator
		{8DDB4379-AFD4-457A-AE92-5B0B2B94F144}.Debug|iPhoneSimulator.Build.0 = Debug|iPhoneSimulator
		{8DDB4379-AFD4-457A-AE92-5B0B2B94F144}.Debug|iPhoneSimulator.Deploy.0 = Debug|iPhoneSimulator
		{8DDB4379-AFD4-457A-AE92-5B0B2B94F144}.Release|Any CPU.ActiveCfg = Release|iPhone
		{8DDB4379-AFD4-457A-AE92-5B0B2B94F144}.Release|Any CPU.Build.0 = Release|iPhone
		{8DDB4379-AFD4-457A-AE92-5B0B2B94F144}.Release|Any CPU.Deploy.0 = Release|iPhone
		{8DDB4379-AFD4-457A-AE92-5B0B2B94F144}.Release|iPhone.ActiveCfg = Release|iPhone
		{8DDB4379-AFD4-457A-AE92-5B0B2B94F144}.Release|iPhone.Build.0 = Release|iPhone
		{8DDB4379-AFD4-457A-AE92-5B0B2B94F144}.Release|iPhone.Deploy.0 = Release|iPhone
		{8DDB4379-AFD4-457A-AE92-5B0B2B94F144}.Release|iPhoneSimulator.ActiveCfg = Release|iPhoneSimulator
		{8DDB4379-AFD4-457A-AE92-5B0B2B94F144}.Release|iPhoneSimulator.Build.0 = Release|iPhoneSimulator
		{8DDB4379-AFD4-457A-AE92-5B0B2B94F144}.Release|iPhoneSimulator.Deploy.0 = Release|iPhoneSimulator
		{F325EDF4-7FB7-4EED-9921-F65979DCA67A}.Debug|Any CPU.ActiveCfg = Debug|Any CPU
		{F325EDF4-7FB7-4EED-9921-F65979DCA67A}.Debug|Any CPU.Build.0 = Debug|Any CPU
		{F325EDF4-7FB7-4EED-9921-F65979DCA67A}.Debug|Any CPU.Deploy.0 = Debug|Any CPU
		{F325EDF4-7FB7-4EED-9921-F65979DCA67A}.Debug|iPhone.ActiveCfg = Debug|Any CPU
		{F325EDF4-7FB7-4EED-9921-F65979DCA67A}.Debug|iPhone.Build.0 = Debug|Any CPU
		{F325EDF4-7FB7-4EED-9921-F65979DCA67A}.Debug|iPhone.Deploy.0 = Debug|Any CPU
		{F325EDF4-7FB7-4EED-9921-F65979DCA67A}.Debug|iPhoneSimulator.ActiveCfg = Debug|Any CPU
		{F325EDF4-7FB7-4EED-9921-F65979DCA67A}.Debug|iPhoneSimulator.Build.0 = Debug|Any CPU
		{F325EDF4-7FB7-4EED-9921-F65979DCA67A}.Debug|iPhoneSimulator.Deploy.0 = Debug|Any CPU
		{F325EDF4-7FB7-4EED-9921-F65979DCA67A}.Release|Any CPU.ActiveCfg = Release|Any CPU
		{F325EDF4-7FB7-4EED-9921-F65979DCA67A}.Release|Any CPU.Build.0 = Release|Any CPU
		{F325EDF4-7FB7-4EED-9921-F65979DCA67A}.Release|Any CPU.Deploy.0 = Release|Any CPU
		{F325EDF4-7FB7-4EED-9921-F65979DCA67A}.Release|iPhone.ActiveCfg = Release|Any CPU
		{F325EDF4-7FB7-4EED-9921-F65979DCA67A}.Release|iPhone.Build.0 = Release|Any CPU
		{F325EDF4-7FB7-4EED-9921-F65979DCA67A}.Release|iPhone.Deploy.0 = Release|Any CPU
		{F325EDF4-7FB7-4EED-9921-F65979DCA67A}.Release|iPhoneSimulator.ActiveCfg = Release|Any CPU
		{F325EDF4-7FB7-4EED-9921-F65979DCA67A}.Release|iPhoneSimulator.Build.0 = Release|Any CPU
		{F325EDF4-7FB7-4EED-9921-F65979DCA67A}.Release|iPhoneSimulator.Deploy.0 = Release|Any CPU
	EndGlobalSection
	GlobalSection(SolutionProperties) = preSolution
		HideSolutionNode = FALSE
	EndGlobalSection
	GlobalSection(ExtensibilityGlobals) = postSolution
		SolutionGuid = {4604C010-E358-46CC-B20F-58BF9E224A1C}
	EndGlobalSection
EndGlobal
